schema: '2.0'
stages:
  train:
    cmd: python3 train.py
    deps:
    - path: /perfios/DATA/prathyusha/InsureTech/BERT/masterlist_prudential.csv
      md5: d6be4f8f6691ff07cc8499577cdedd23
      size: 16430047
    - path: train.py
      md5: 1f031e54b7c6910054bbdd25ad7c520d
      size: 3752
    outs:
    - path: CM.png
      md5: a1e2b2036f53f36ba1afe31e6da316d3
      size: 62446
    - path: CM_df.csv
      md5: 639382ea6e429f6b361496a01b4d9378
      size: 123
    - path: CR.csv
      md5: cec869f51e8a4d15e128bfdb057b1e1b
      size: 709
